# This file is autogenerated, do not edit; changes may be undone by the next 'dep ensure'.


[[projects]]
  digest = "1:c06d9e11d955af78ac3bbb26bd02e01d2f61f689e1a3bce2ef6fb683ef8a7f2d"
  name = "github.com/alecthomas/kingpin"
  packages = ["."]
  pruneopts = "UT"
  revision = "947dcec5ba9c011838740e680966fd7087a71d0d"
  version = "v2.2.6"

[[projects]]
  branch = "master"
  digest = "1:125f098c5294814b5d9ce2194f03a435c35a6208f029e61681bed9a893d68133"
  name = "github.com/alecthomas/template"
  packages = [
    ".",
    "parse",
  ]
  pruneopts = "UT"
  revision = "fb15b899a75114aa79cc930e33c46b577cc664b1"

[[projects]]
  branch = "master"
  digest = "1:d3197d14cccd4a5d4e5a04661b8a0972d13eb7165472e8051ede8cbb1d1876a2"
  name = "github.com/alecthomas/units"
  packages = ["."]
  pruneopts = "UT"
  revision = "ff826a37aa15cdf16e29024a782c790f19aab6c2"

[[projects]]
  digest = "1:7e0fb9e365a2c0b156b66cc153deed474bbc9e0edc398db06c62865274b796dd"
  name = "github.com/apex/log"
  packages = [
    ".",
    "handlers/cli",
    "handlers/json",
  ]
  pruneopts = "UT"
  revision = "3edb93e9f62c13dccdbf0759bd9da5b71dc60926"
  version = "v1.9.0"

[[projects]]
  digest = "1:b92f64c9d2b8f50cba6336ade702e283cd32f7347bb619a69ed7d9c35f97c769"
  name = "github.com/aws/aws-sdk-go"
  packages = [
    "aws",
    "aws/awserr",
    "aws/awsutil",
    "aws/client",
    "aws/client/metadata",
    "aws/corehandlers",
    "aws/credentials",
    "aws/credentials/ec2rolecreds",
    "aws/credentials/endpointcreds",
    "aws/credentials/processcreds",
    "aws/credentials/ssocreds",
    "aws/credentials/stscreds",
    "aws/crr",
    "aws/csm",
    "aws/defaults",
    "aws/ec2metadata",
    "aws/endpoints",
    "aws/request",
    "aws/session",
    "aws/signer/v4",
    "internal/context",
    "internal/ini",
    "internal/sdkio",
    "internal/sdkmath",
    "internal/sdkrand",
    "internal/sdkuri",
    "internal/shareddefaults",
    "internal/strings",
    "internal/sync/singleflight",
    "private/protocol",
    "private/protocol/json/jsonutil",
    "private/protocol/jsonrpc",
    "private/protocol/query",
    "private/protocol/query/queryutil",
    "private/protocol/rest",
    "private/protocol/restjson",
    "private/protocol/xml/xmlutil",
    "service/dynamodb",
    "service/dynamodb/dynamodbattribute",
    "service/dynamodb/dynamodbiface",
    "service/kms",
    "service/kms/kmsiface",
    "service/sso",
    "service/sso/ssoiface",
    "service/sts",
    "service/sts/stsiface",
  ]
  pruneopts = "UT"
  revision = "0a9f5d6f02f7eef07c7b05416be9f51d1bef25a5"
  version = "v1.39.3"

[[projects]]
  digest = "1:ffe9824d294da03b391f44e1ae8281281b4afc1bdaa9588c9097785e3af10cec"
  name = "github.com/davecgh/go-spew"
  packages = ["spew"]
  pruneopts = "UT"
  revision = "8991bc29aa16c548c550c7ff78260e27b9ab7c73"
  version = "v1.1.1"

[[projects]]
  digest = "1:1bf705ef0cc4bafbfdead4cadfa541624d034eb922b82440cbb631bb84b9a2c0"
  name = "github.com/fatih/color"
  packages = ["."]
  pruneopts = "UT"
  revision = "cf452350f542986d689fb53db88dbb0212f141db"
  version = "v1.12.0"

[[projects]]
  digest = "1:bb81097a5b62634f3e9fec1014657855610c82d19b9a40c17612e32651e35dca"
  name = "github.com/jmespath/go-jmespath"
  packages = ["."]
  pruneopts = "UT"
  revision = "c2b33e84"

[[projects]]
  digest = "1:304d25ecc3f4ca39f894c959254d3f5fc6176276ccf1f874ded0cd441e2f964f"
  name = "github.com/mattn/go-colorable"
  packages = ["."]
  pruneopts = "UT"
  revision = "2e1b0c1546e0173c0907cf05c67b8ba29ed8b4d1"
  version = "v0.1.8"

[[projects]]
  digest = "1:f0d049b77e8f5a23aa89750a9f0da6417dc3abf0b7f3f35a161c1c5eb9f926a4"
  name = "github.com/mattn/go-isatty"
  packages = ["."]
  pruneopts = "UT"
  revision = "8b0c6d82fa8980f9bff874afff66860a0c3e9c5c"
  version = "v0.0.13"

[[projects]]
  digest = "1:07b7c16cd2c5062a00a90e48298cea91ec2dde7d3480f51e796e41dae8e5eac2"
  name = "github.com/mattn/go-runewidth"
  packages = ["."]
  pruneopts = "UT"
  revision = "df1ff59654317c1b5a3f860ffc47402931932104"
  version = "v0.0.13"

[[projects]]
  branch = "master"
  digest = "1:8a34ab37579cdccf0c22dda3b31982846ba60c980094056d977acc4ff0fd1319"
  name = "github.com/olekukonko/tablewriter"
  packages = ["."]
  pruneopts = "UT"
  revision = "74c60be0ef6886d331ebc3c91b2ac0a7971715b6"

[[projects]]
  digest = "1:9e1d37b58d17113ec3cb5608ac0382313c5b59470b94ed97d0976e69c7022314"
  name = "github.com/pkg/errors"
  packages = ["."]
  pruneopts = "UT"
  revision = "614d223910a179a466c1767a985424175c39b465"
  version = "v0.9.1"

[[projects]]
  digest = "1:0028cb19b2e4c3112225cd871870f2d9cf49b9b4276531f03438a88e94be86fe"
  name = "github.com/pmezard/go-difflib"
  packages = ["difflib"]
  pruneopts = "UT"
  revision = "792786c7400a136282c1664665ae0a8db921c6c2"
  version = "v1.0.0"

[[projects]]
  digest = "1:034d31b31cdbbba45de1a14367c75ce3195d7ae908514b8d6142d1525c41955b"
  name = "github.com/rivo/uniseg"
  packages = ["."]
  pruneopts = "UT"
  revision = "75711fccf6a3e85bc74c241e2dddd06a9bc9e53d"
  version = "v0.2.0"

[[projects]]
  digest = "1:86ff4af7b6bb3d27c2e89b5ef8c139678acff1cad74a3c5235fc5af6b94fcc9e"
  name = "github.com/stretchr/objx"
  packages = ["."]
  pruneopts = "UT"
  revision = "35313a95ee26395aa17d366c71a2ccf788fa69b6"
  version = "v0.3.0"

[[projects]]
  digest = "1:e5992fcc545f44348e54526599ceb97d83da86754f1f1faa8c96de047b523300"
  name = "github.com/stretchr/testify"
  packages = [
    "assert",
    "mock",
  ]
  pruneopts = "UT"
  revision = "acba37e5db06f0093b465a7d47822bf13644b66c"
  version = "v1.7.0"

[[projects]]
  branch = "master"
  digest = "1:b3f1f29803b6cdf4882610bb4c74df41900e9c8b4b37b7d0231e25539275001c"
  name = "golang.org/x/sys"
  packages = [
    "internal/unsafeheader",
    "unix",
  ]
  pruneopts = "UT"
  revision = "0f9fa26af87c481a6877a4ca1330699ba9a30673"

[[projects]]
  branch = "v3"
  digest = "1:107a619d3c3bcca214b2b7db810a5dffcd74b5d0262813cb2986e063fae2722f"
  name = "gopkg.in/yaml.v3"
  packages = ["."]
  pruneopts = "UT"
  revision = "496545a6307b2a7d7a710fd516e5e16e8ab62dbc"

[solve-meta]
  analyzer-name = "dep"
  analyzer-version = 1
  input-imports = [
    "github.com/alecthomas/kingpin",
    "github.com/apex/log",
    "github.com/apex/log/handlers/cli",
    "github.com/apex/log/handlers/json",
    "github.com/aws/aws-sdk-go/aws",
    "github.com/aws/aws-sdk-go/aws/awserr",
    "github.com/aws/aws-sdk-go/aws/credentials/stscreds",
    "github.com/aws/aws-sdk-go/aws/request",
    "github.com/aws/aws-sdk-go/aws/session",
    "github.com/aws/aws-sdk-go/service/dynamodb",
    "github.com/aws/aws-sdk-go/service/dynamodb/dynamodbattribute",
    "github.com/aws/aws-sdk-go/service/dynamodb/dynamodbiface",
    "github.com/aws/aws-sdk-go/service/kms",
    "github.com/aws/aws-sdk-go/service/kms/kmsiface",
    "github.com/olekukonko/tablewriter",
    "github.com/stretchr/testify/assert",
    "github.com/stretchr/testify/mock",
  ]
  solver-name = "gps-cdcl"
  solver-version = 1
